github.com/lib/pq v1.10.4/go.mod h1:AlVN5x4E4T544tWzH6hKfbfQvm3HdbOxrmggDNAPY9o=
github.com/lib/pq v1.10.9 h1:YXG7RB+JIjhP29X+OtkiDnYaXQwpS4JEWq7dtCCRUEw=
github.com/lib/pq v1.10.9/go.mod h1:AlVN5x4E4T544tWzH6hKfbfQvm3HdbOxrmggDNAPY9o=
github.com/paul-at-nangalan/db-util v0.0.0-20230624103818-dddcd3738c9d h1:GaunKq+k6noHRrqXMxflxfgzhvjWWqmH5G+BahzeFEw=
github.com/paul-at-nangalan/db-util v0.0.0-20230624103818-dddcd3738c9d/go.mod h1:DGcdB/R5bUK7pNrdaIxlxOpWVQSfVLwO1njZ/tlFGqc=
github.com/paul-at-nangalan/errorhandler v0.0.0-20210525060727-cba369c8785e/go.mod h1:+GfM6Su5CerpcLIHxjym4LzoLFCKSSQtlCnKYVjqqUM=
github.com/paul-at-nangalan/errorhandler v0.0.0-20220524092750-75ec0f2eca41 h1:V7IwB6JpPaDqD1itevPX0bPLzcyJE4oH5zhHlYG8p4c=
github.com/paul-at-nangalan/errorhandler v0.0.0-20220524092750-75ec0f2eca41/go.mod h1:+GfM6Su5CerpcLIHxjym4LzoLFCKSSQtlCnKYVjqqUM=
github.com/paul-at-nangalan/json-config v0.0.0-20210525054146-58797ba49d12 h1:rIVAD4+siRKqmAljVRQhcE/TKVU6pnl4Se4NMW/wW4s=
github.com/paul-at-nangalan/json-config v0.0.0-20210525054146-58797ba49d12/go.mod h1:7nMunP92vBn33Wq5QLSBJmvK85/vkyOszO0xxl6eArE=
